// !$*UTF8*$!
{
	archiveVersion = 1;
	classes = {
	};
	objectVersion = 56;
	objects = {

/* Begin PBXBuildFile section */
		AD50887F2BECECB9008CE409 /* AccountSummaryViewController.swift in Sources */ = {isa = PBXBuildFile; fileRef = AD50887E2BECECB9008CE409 /* AccountSummaryViewController.swift */; };
		AD6E2C792BEA6412003A8980 /* OnboardingContainerViewController.swift in Sources */ = {isa = PBXBuildFile; fileRef = AD6E2C782BEA6412003A8980 /* OnboardingContainerViewController.swift */; };
		AD6E2C7B2BEA68FE003A8980 /* OnboardingViewController.swift in Sources */ = {isa = PBXBuildFile; fileRef = AD6E2C7A2BEA68FE003A8980 /* OnboardingViewController.swift */; };
		AD6E2C7D2BEC0118003A8980 /* DummyViewController.swift in Sources */ = {isa = PBXBuildFile; fileRef = AD6E2C7C2BEC0118003A8980 /* DummyViewController.swift */; };
		AD6E2C802BEC4385003A8980 /* LocalState.swift in Sources */ = {isa = PBXBuildFile; fileRef = AD6E2C7F2BEC4385003A8980 /* LocalState.swift */; };
		AD6E2C822BEC4C62003A8980 /* UIViewController+Utils.swift in Sources */ = {isa = PBXBuildFile; fileRef = AD6E2C812BEC4C62003A8980 /* UIViewController+Utils.swift */; };
		AD6E2C842BEC4E15003A8980 /* MainViewController.swift in Sources */ = {isa = PBXBuildFile; fileRef = AD6E2C832BEC4E15003A8980 /* MainViewController.swift */; };
		AD6FEE852BE942A1001643BB /* AppDelegate.swift in Sources */ = {isa = PBXBuildFile; fileRef = AD6FEE842BE942A1001643BB /* AppDelegate.swift */; };
		AD6FEE872BE942A1001643BB /* SceneDelegate.swift in Sources */ = {isa = PBXBuildFile; fileRef = AD6FEE862BE942A1001643BB /* SceneDelegate.swift */; };
		AD6FEE892BE942A1001643BB /* LoginViewController.swift in Sources */ = {isa = PBXBuildFile; fileRef = AD6FEE882BE942A1001643BB /* LoginViewController.swift */; };
		AD6FEE8E2BE942A4001643BB /* Assets.xcassets in Resources */ = {isa = PBXBuildFile; fileRef = AD6FEE8D2BE942A4001643BB /* Assets.xcassets */; };
		AD6FEE912BE942A4001643BB /* Base in Resources */ = {isa = PBXBuildFile; fileRef = AD6FEE902BE942A4001643BB /* Base */; };
		AD6FEE9D2BE9950B001643BB /* LoginView.swift in Sources */ = {isa = PBXBuildFile; fileRef = AD6FEE9C2BE9950B001643BB /* LoginView.swift */; };
/* End PBXBuildFile section */

/* Begin PBXFileReference section */
		AD50887E2BECECB9008CE409 /* AccountSummaryViewController.swift */ = {isa = PBXFileReference; lastKnownFileType = sourcecode.swift; path = AccountSummaryViewController.swift; sourceTree = "<group>"; };
		AD6E2C782BEA6412003A8980 /* OnboardingContainerViewController.swift */ = {isa = PBXFileReference; lastKnownFileType = sourcecode.swift; path = OnboardingContainerViewController.swift; sourceTree = "<group>"; };
		AD6E2C7A2BEA68FE003A8980 /* OnboardingViewController.swift */ = {isa = PBXFileReference; lastKnownFileType = sourcecode.swift; path = OnboardingViewController.swift; sourceTree = "<group>"; };
		AD6E2C7C2BEC0118003A8980 /* DummyViewController.swift */ = {isa = PBXFileReference; lastKnownFileType = sourcecode.swift; path = DummyViewController.swift; sourceTree = "<group>"; };
		AD6E2C7F2BEC4385003A8980 /* LocalState.swift */ = {isa = PBXFileReference; lastKnownFileType = sourcecode.swift; path = LocalState.swift; sourceTree = "<group>"; };
		AD6E2C812BEC4C62003A8980 /* UIViewController+Utils.swift */ = {isa = PBXFileReference; lastKnownFileType = sourcecode.swift; path = "UIViewController+Utils.swift"; sourceTree = "<group>"; };
		AD6E2C832BEC4E15003A8980 /* MainViewController.swift */ = {isa = PBXFileReference; lastKnownFileType = sourcecode.swift; path = MainViewController.swift; sourceTree = "<group>"; };
		AD6FEE812BE942A1001643BB /* Bankey.app */ = {isa = PBXFileReference; explicitFileType = wrapper.application; includeInIndex = 0; path = Bankey.app; sourceTree = BUILT_PRODUCTS_DIR; };
		AD6FEE842BE942A1001643BB /* AppDelegate.swift */ = {isa = PBXFileReference; lastKnownFileType = sourcecode.swift; path = AppDelegate.swift; sourceTree = "<group>"; };
		AD6FEE862BE942A1001643BB /* SceneDelegate.swift */ = {isa = PBXFileReference; lastKnownFileType = sourcecode.swift; path = SceneDelegate.swift; sourceTree = "<group>"; };
		AD6FEE882BE942A1001643BB /* LoginViewController.swift */ = {isa = PBXFileReference; lastKnownFileType = sourcecode.swift; path = LoginViewController.swift; sourceTree = "<group>"; };
		AD6FEE8D2BE942A4001643BB /* Assets.xcassets */ = {isa = PBXFileReference; lastKnownFileType = folder.assetcatalog; path = Assets.xcassets; sourceTree = "<group>"; };
		AD6FEE902BE942A4001643BB /* Base */ = {isa = PBXFileReference; lastKnownFileType = file.storyboard; name = Base; path = Base.lproj/LaunchScreen.storyboard; sourceTree = "<group>"; };
		AD6FEE922BE942A4001643BB /* Info.plist */ = {isa = PBXFileReference; lastKnownFileType = text.plist.xml; path = Info.plist; sourceTree = "<group>"; };
		AD6FEE9C2BE9950B001643BB /* LoginView.swift */ = {isa = PBXFileReference; lastKnownFileType = sourcecode.swift; path = LoginView.swift; sourceTree = "<group>"; };
/* End PBXFileReference section */

/* Begin PBXFrameworksBuildPhase section */
		AD6FEE7E2BE942A1001643BB /* Frameworks */ = {
			isa = PBXFrameworksBuildPhase;
			buildActionMask = 2147483647;
			files = (
			);
			runOnlyForDeploymentPostprocessing = 0;
		};
/* End PBXFrameworksBuildPhase section */

/* Begin PBXGroup section */
		AD50887D2BECEC93008CE409 /* AccountSumary */ = {
			isa = PBXGroup;
			children = (
				AD50887E2BECECB9008CE409 /* AccountSummaryViewController.swift */,
			);
			path = AccountSumary;
			sourceTree = "<group>";
		};
		AD6E2C772BEA63D8003A8980 /* Onboarding */ = {
			isa = PBXGroup;
			children = (
				AD6E2C782BEA6412003A8980 /* OnboardingContainerViewController.swift */,
				AD6E2C7A2BEA68FE003A8980 /* OnboardingViewController.swift */,
			);
			path = Onboarding;
			sourceTree = "<group>";
		};
		AD6E2C7E2BEC4368003A8980 /* Utils */ = {
			isa = PBXGroup;
			children = (
				AD6E2C7F2BEC4385003A8980 /* LocalState.swift */,
				AD6E2C812BEC4C62003A8980 /* UIViewController+Utils.swift */,
			);
			path = Utils;
			sourceTree = "<group>";
		};
		AD6FEE782BE942A0001643BB = {
			isa = PBXGroup;
			children = (
				AD6FEE832BE942A1001643BB /* Bankey */,
				AD6FEE822BE942A1001643BB /* Products */,
			);
			sourceTree = "<group>";
		};
		AD6FEE822BE942A1001643BB /* Products */ = {
			isa = PBXGroup;
			children = (
				AD6FEE812BE942A1001643BB /* Bankey.app */,
			);
			name = Products;
			sourceTree = "<group>";
		};
		AD6FEE832BE942A1001643BB /* Bankey */ = {
			isa = PBXGroup;
			children = (
				AD6FEE862BE942A1001643BB /* SceneDelegate.swift */,
				AD6E2C832BEC4E15003A8980 /* MainViewController.swift */,
				AD6FEE992BE994B9001643BB /* Login */,
				AD6E2C772BEA63D8003A8980 /* Onboarding */,
				AD50887D2BECEC93008CE409 /* AccountSumary */,
				AD6E2C7E2BEC4368003A8980 /* Utils */,
				AD6FEE9B2BE994D4001643BB /* Files */,
				AD6FEE842BE942A1001643BB /* AppDelegate.swift */,
			);
			path = Bankey;
			sourceTree = "<group>";
		};
		AD6FEE992BE994B9001643BB /* Login */ = {
			isa = PBXGroup;
			children = (
				AD6FEE882BE942A1001643BB /* LoginViewController.swift */,
				AD6FEE9C2BE9950B001643BB /* LoginView.swift */,
				AD6E2C7C2BEC0118003A8980 /* DummyViewController.swift */,
			);
			path = Login;
			sourceTree = "<group>";
		};
		AD6FEE9B2BE994D4001643BB /* Files */ = {
			isa = PBXGroup;
			children = (
				AD6FEE8D2BE942A4001643BB /* Assets.xcassets */,
				AD6FEE8F2BE942A4001643BB /* LaunchScreen.storyboard */,
				AD6FEE922BE942A4001643BB /* Info.plist */,
			);
			name = Files;
			sourceTree = "<group>";
		};
/* End PBXGroup section */

/* Begin PBXNativeTarget section */
		AD6FEE802BE942A1001643BB /* Bankey */ = {
			isa = PBXNativeTarget;
			buildConfigurationList = AD6FEE952BE942A4001643BB /* Build configuration list for PBXNativeTarget "Bankey" */;
			buildPhases = (
				AD6FEE7D2BE942A1001643BB /* Sources */,
				AD6FEE7E2BE942A1001643BB /* Frameworks */,
				AD6FEE7F2BE942A1001643BB /* Resources */,
			);
			buildRules = (
			);
			dependencies = (
			);
			name = Bankey;
			productName = Bankey;
			productReference = AD6FEE812BE942A1001643BB /* Bankey.app */;
			productType = "com.apple.product-type.application";
		};
/* End PBXNativeTarget section */

/* Begin PBXProject section */
		AD6FEE792BE942A0001643BB /* Project object */ = {
			isa = PBXProject;
			attributes = {
				BuildIndependentTargetsInParallel = 1;
				LastSwiftUpdateCheck = 1530;
				LastUpgradeCheck = 1530;
				TargetAttributes = {
					AD6FEE802BE942A1001643BB = {
						CreatedOnToolsVersion = 15.3;
					};
				};
			};
			buildConfigurationList = AD6FEE7C2BE942A0001643BB /* Build configuration list for PBXProject "Bankey" */;
			compatibilityVersion = "Xcode 14.0";
			developmentRegion = en;
			hasScannedForEncodings = 0;
			knownRegions = (
				en,
				Base,
			);
			mainGroup = AD6FEE782BE942A0001643BB;
			productRefGroup = AD6FEE822BE942A1001643BB /* Products */;
			projectDirPath = "";
			projectRoot = "";
			targets = (
				AD6FEE802BE942A1001643BB /* Bankey */,
			);
		};
/* End PBXProject section */

/* Begin PBXResourcesBuildPhase section */
		AD6FEE7F2BE942A1001643BB /* Resources */ = {
			isa = PBXResourcesBuildPhase;
			buildActionMask = 2147483647;
			files = (
				AD6FEE8E2BE942A4001643BB /* Assets.xcassets in Resources */,
				AD6FEE912BE942A4001643BB /* Base in Resources */,
			);
			runOnlyForDeploymentPostprocessing = 0;
		};
/* End PBXResourcesBuildPhase section */

/* Begin PBXSourcesBuildPhase section */
		AD6FEE7D2BE942A1001643BB /* Sources */ = {
			isa = PBXSourcesBuildPhase;
			buildActionMask = 2147483647;
			files = (
				AD6E2C7D2BEC0118003A8980 /* DummyViewController.swift in Sources */,
				AD6FEE892BE942A1001643BB /* LoginViewController.swift in Sources */,
				AD50887F2BECECB9008CE409 /* AccountSummaryViewController.swift in Sources */,
				AD6E2C822BEC4C62003A8980 /* UIViewController+Utils.swift in Sources */,
				AD6E2C7B2BEA68FE003A8980 /* OnboardingViewController.swift in Sources */,
				AD6FEE852BE942A1001643BB /* AppDelegate.swift in Sources */,
				AD6FEE9D2BE9950B001643BB /* LoginView.swift in Sources */,
				AD6E2C792BEA6412003A8980 /* OnboardingContainerViewController.swift in Sources */,
				AD6FEE872BE942A1001643BB /* SceneDelegate.swift in Sources */,
				AD6E2C802BEC4385003A8980 /* LocalState.swift in Sources */,
				AD6E2C842BEC4E15003A8980 /* MainViewController.swift in Sources */,
			);
			runOnlyForDeploymentPostprocessing = 0;
		};
/* End PBXSourcesBuildPhase section */

/* Begin PBXVariantGroup section */
		AD6FEE8F2BE942A4001643BB /* LaunchScreen.storyboard */ = {
			isa = PBXVariantGroup;
			children = (
				AD6FEE902BE942A4001643BB /* Base */,
			);
			name = LaunchScreen.storyboard;
			sourceTree = "<group>";
		};
/* End PBXVariantGroup section */

/* Begin XCBuildConfiguration section */
		AD6FEE932BE942A4001643BB /* Debug */ = {
			isa = XCBuildConfiguration;
			buildSettings = {
				ALWAYS_SEARCH_USER_PATHS = NO;
				ASSETCATALOG_COMPILER_GENERATE_SWIFT_ASSET_SYMBOL_EXTENSIONS = YES;
				CLANG_ANALYZER_NONNULL = YES;
				CLANG_ANALYZER_NUMBER_OBJECT_CONVERSION = YES_AGGRESSIVE;
				CLANG_CXX_LANGUAGE_STANDARD = "gnu++20";
				CLANG_ENABLE_MODULES = YES;
				CLANG_ENABLE_OBJC_ARC = YES;
				CLANG_ENABLE_OBJC_WEAK = YES;
				CLANG_WARN_BLOCK_CAPTURE_AUTORELEASING = YES;
				CLANG_WARN_BOOL_CONVERSION = YES;
				CLANG_WARN_COMMA = YES;
				CLANG_WARN_CONSTANT_CONVERSION = YES;
				CLANG_WARN_DEPRECATED_OBJC_IMPLEMENTATIONS = YES;
				CLANG_WARN_DIRECT_OBJC_ISA_USAGE = YES_ERROR;
				CLANG_WARN_DOCUMENTATION_COMMENTS = YES;
				CLANG_WARN_EMPTY_BODY = YES;
				CLANG_WARN_ENUM_CONVERSION = YES;
				CLANG_WARN_INFINITE_RECURSION = YES;
				CLANG_WARN_INT_CONVERSION = YES;
				CLANG_WARN_NON_LITERAL_NULL_CONVERSION = YES;
				CLANG_WARN_OBJC_IMPLICIT_RETAIN_SELF = YES;
				CLANG_WARN_OBJC_LITERAL_CONVERSION = YES;
				CLANG_WARN_OBJC_ROOT_CLASS = YES_ERROR;
				CLANG_WARN_QUOTED_INCLUDE_IN_FRAMEWORK_HEADER = YES;
				CLANG_WARN_RANGE_LOOP_ANALYSIS = YES;
				CLANG_WARN_STRICT_PROTOTYPES = YES;
				CLANG_WARN_SUSPICIOUS_MOVE = YES;
				CLANG_WARN_UNGUARDED_AVAILABILITY = YES_AGGRESSIVE;
				CLANG_WARN_UNREACHABLE_CODE = YES;
				CLANG_WARN__DUPLICATE_METHOD_MATCH = YES;
				COPY_PHASE_STRIP = NO;
				DEBUG_INFORMATION_FORMAT = dwarf;
				ENABLE_STRICT_OBJC_MSGSEND = YES;
				ENABLE_TESTABILITY = YES;
				ENABLE_USER_SCRIPT_SANDBOXING = YES;
				GCC_C_LANGUAGE_STANDARD = gnu17;
				GCC_DYNAMIC_NO_PIC = NO;
				GCC_NO_COMMON_BLOCKS = YES;
				GCC_OPTIMIZATION_LEVEL = 0;
				GCC_PREPROCESSOR_DEFINITIONS = (
					"DEBUG=1",
					"$(inherited)",
				);
				GCC_WARN_64_TO_32_BIT_CONVERSION = YES;
				GCC_WARN_ABOUT_RETURN_TYPE = YES_ERROR;
				GCC_WARN_UNDECLARED_SELECTOR = YES;
				GCC_WARN_UNINITIALIZED_AUTOS = YES_AGGRESSIVE;
				GCC_WARN_UNUSED_FUNCTION = YES;
				GCC_WARN_UNUSED_VARIABLE = YES;
				IPHONEOS_DEPLOYMENT_TARGET = 17.4;
				LOCALIZATION_PREFERS_STRING_CATALOGS = YES;
				MTL_ENABLE_DEBUG_INFO = INCLUDE_SOURCE;
				MTL_FAST_MATH = YES;
				ONLY_ACTIVE_ARCH = YES;
				SDKROOT = iphoneos;
				SWIFT_ACTIVE_COMPILATION_CONDITIONS = "DEBUG $(inherited)";
				SWIFT_OPTIMIZATION_LEVEL = "-Onone";
			};
			name = Debug;
		};
		AD6FEE942BE942A4001643BB /* Release */ = {
			isa = XCBuildConfiguration;
			buildSettings = {
				ALWAYS_SEARCH_USER_PATHS = NO;
				ASSETCATALOG_COMPILER_GENERATE_SWIFT_ASSET_SYMBOL_EXTENSIONS = YES;
				CLANG_ANALYZER_NONNULL = YES;
				CLANG_ANALYZER_NUMBER_OBJECT_CONVERSION = YES_AGGRESSIVE;
				CLANG_CXX_LANGUAGE_STANDARD = "gnu++20";
				CLANG_ENABLE_MODULES = YES;
				CLANG_ENABLE_OBJC_ARC = YES;
				CLANG_ENABLE_OBJC_WEAK = YES;
				CLANG_WARN_BLOCK_CAPTURE_AUTORELEASING = YES;
				CLANG_WARN_BOOL_CONVERSION = YES;
				CLANG_WARN_COMMA = YES;
				CLANG_WARN_CONSTANT_CONVERSION = YES;
				CLANG_WARN_DEPRECATED_OBJC_IMPLEMENTATIONS = YES;
				CLANG_WARN_DIRECT_OBJC_ISA_USAGE = YES_ERROR;
				CLANG_WARN_DOCUMENTATION_COMMENTS = YES;
				CLANG_WARN_EMPTY_BODY = YES;
				CLANG_WARN_ENUM_CONVERSION = YES;
				CLANG_WARN_INFINITE_RECURSION = YES;
				CLANG_WARN_INT_CONVERSION = YES;
				CLANG_WARN_NON_LITERAL_NULL_CONVERSION = YES;
				CLANG_WARN_OBJC_IMPLICIT_RETAIN_SELF = YES;
				CLANG_WARN_OBJC_LITERAL_CONVERSION = YES;
				CLANG_WARN_OBJC_ROOT_CLASS = YES_ERROR;
				CLANG_WARN_QUOTED_INCLUDE_IN_FRAMEWORK_HEADER = YES;
				CLANG_WARN_RANGE_LOOP_ANALYSIS = YES;
				CLANG_WARN_STRICT_PROTOTYPES = YES;
				CLANG_WARN_SUSPICIOUS_MOVE = YES;
				CLANG_WARN_UNGUARDED_AVAILABILITY = YES_AGGRESSIVE;
				CLANG_WARN_UNREACHABLE_CODE = YES;
				CLANG_WARN__DUPLICATE_METHOD_MATCH = YES;
				COPY_PHASE_STRIP = NO;
				DEBUG_INFORMATION_FORMAT = "dwarf-with-dsym";
				ENABLE_NS_ASSERTIONS = NO;
				ENABLE_STRICT_OBJC_MSGSEND = YES;
				ENABLE_USER_SCRIPT_SANDBOXING = YES;
				GCC_C_LANGUAGE_STANDARD = gnu17;
				GCC_NO_COMMON_BLOCKS = YES;
				GCC_WARN_64_TO_32_BIT_CONVERSION = YES;
				GCC_WARN_ABOUT_RETURN_TYPE = YES_ERROR;
				GCC_WARN_UNDECLARED_SELECTOR = YES;
				GCC_WARN_UNINITIALIZED_AUTOS = YES_AGGRESSIVE;
				GCC_WARN_UNUSED_FUNCTION = YES;
				GCC_WARN_UNUSED_VARIABLE = YES;
				IPHONEOS_DEPLOYMENT_TARGET = 17.4;
				LOCALIZATION_PREFERS_STRING_CATALOGS = YES;
				MTL_ENABLE_DEBUG_INFO = NO;
				MTL_FAST_MATH = YES;
				SDKROOT = iphoneos;
				SWIFT_COMPILATION_MODE = wholemodule;
				VALIDATE_PRODUCT = YES;
			};
			name = Release;
		};
		AD6FEE962BE942A4001643BB /* Debug */ = {
			isa = XCBuildConfiguration;
			buildSettings = {
				ASSETCATALOG_COMPILER_APPICON_NAME = AppIcon;
				ASSETCATALOG_COMPILER_GLOBAL_ACCENT_COLOR_NAME = AccentColor;
				CODE_SIGN_STYLE = Automatic;
				CURRENT_PROJECT_VERSION = 1;
				GENERATE_INFOPLIST_FILE = YES;
				INFOPLIST_FILE = Bankey/Info.plist;
				INFOPLIST_KEY_UIApplicationSupportsIndirectInputEvents = YES;
				INFOPLIST_KEY_UILaunchStoryboardName = LaunchScreen;
				INFOPLIST_KEY_UISupportedInterfaceOrientations_iPad = "UIInterfaceOrientationPortrait UIInterfaceOrientationPortraitUpsideDown UIInterfaceOrientationLandscapeLeft UIInterfaceOrientationLandscapeRight";
				INFOPLIST_KEY_UISupportedInterfaceOrientations_iPhone = "UIInterfaceOrientationPortrait UIInterfaceOrientationLandscapeLeft UIInterfaceOrientationLandscapeRight";
				LD_RUNPATH_SEARCH_PATHS = (
					"$(inherited)",
					"@executable_path/Frameworks",
				);
				MARKETING_VERSION = 1.0;
				PRODUCT_BUNDLE_IDENTIFIER = com.viviane.Bankey;
				PRODUCT_NAME = "$(TARGET_NAME)";
				SWIFT_EMIT_LOC_STRINGS = YES;
				SWIFT_VERSION = 5.0;
				TARGETED_DEVICE_FAMILY = "1,2";
			};
			name = Debug;
		};
		AD6FEE972BE942A4001643BB /* Release */ = {
			isa = XCBuildConfiguration;
			buildSettings = {
				ASSETCATALOG_COMPILER_APPICON_NAME = AppIcon;
				ASSETCATALOG_COMPILER_GLOBAL_ACCENT_COLOR_NAME = AccentColor;
				CODE_SIGN_STYLE = Automatic;
				CURRENT_PROJECT_VERSION = 1;
				GENERATE_INFOPLIST_FILE = YES;
				INFOPLIST_FILE = Bankey/Info.plist;
				INFOPLIST_KEY_UIApplicationSupportsIndirectInputEvents = YES;
				INFOPLIST_KEY_UILaunchStoryboardName = LaunchScreen;
				INFOPLIST_KEY_UISupportedInterfaceOrientations_iPad = "UIInterfaceOrientationPortrait UIInterfaceOrientationPortraitUpsideDown UIInterfaceOrientationLandscapeLeft UIInterfaceOrientationLandscapeRight";
				INFOPLIST_KEY_UISupportedInterfaceOrientations_iPhone = "UIInterfaceOrientationPortrait UIInterfaceOrientationLandscapeLeft UIInterfaceOrientationLandscapeRight";
				LD_RUNPATH_SEARCH_PATHS = (
					"$(inherited)",
					"@executable_path/Frameworks",
				);
				MARKETING_VERSION = 1.0;
				PRODUCT_BUNDLE_IDENTIFIER = com.viviane.Bankey;
				PRODUCT_NAME = "$(TARGET_NAME)";
				SWIFT_EMIT_LOC_STRINGS = YES;
				SWIFT_VERSION = 5.0;
				TARGETED_DEVICE_FAMILY = "1,2";
			};
			name = Release;
		};
/* End XCBuildConfiguration section */

/* Begin XCConfigurationList section */
		AD6FEE7C2BE942A0001643BB /* Build configuration list for PBXProject "Bankey" */ = {
			isa = XCConfigurationList;
			buildConfigurations = (
				AD6FEE932BE942A4001643BB /* Debug */,
				AD6FEE942BE942A4001643BB /* Release */,
			);
			defaultConfigurationIsVisible = 0;
			defaultConfigurationName = Release;
		};
		AD6FEE952BE942A4001643BB /* Build configuration list for PBXNativeTarget "Bankey" */ = {
			isa = XCConfigurationList;
			buildConfigurations = (
				AD6FEE962BE942A4001643BB /* Debug */,
				AD6FEE972BE942A4001643BB /* Release */,
			);
			defaultConfigurationIsVisible = 0;
			defaultConfigurationName = Release;
		};
/* End XCConfigurationList section */
	};
	rootObject = AD6FEE792BE942A0001643BB /* Project object */;
}
